
Microsoft Visual Studio Solution File, Format Version 12.00
# Visual Studio 15
VisualStudioVersion = 15.0.27428.2015
MinimumVisualStudioVersion = 10.0.40219.1
Project("{FAE04EC0-301F-11D3-BF4B-00C04F79EFBC}") = "InternshipTask", "InternshipTask\InternshipTask.csproj", "{08310918-8831-4E30-AF2D-17AEE5A9C931}"
EndProject
Global
	GlobalSection(SolutionConfigurationPlatforms) = preSolution
		Debug|Any CPU = Debug|Any CPU
		Release|Any CPU = Release|Any CPU
	EndGlobalSection
	GlobalSection(ProjectConfigurationPlatforms) = postSolution
		{08310918-8831-4E30-AF2D-17AEE5A9C931}.Debug|Any CPU.ActiveCfg = Debug|Any CPU
		{08310918-8831-4E30-AF2D-17AEE5A9C931}.Debug|Any CPU.Build.0 = Debug|Any CPU
		{08310918-8831-4E30-AF2D-17AEE5A9C931}.Release|Any CPU.ActiveCfg = Release|Any CPU
		{08310918-8831-4E30-AF2D-17AEE5A9C931}.Release|Any CPU.Build.0 = Release|Any CPU
	EndGlobalSection
	GlobalSection(SolutionProperties) = preSolution
		HideSolutionNode = FALSE
	EndGlobalSection
	GlobalSection(ExtensibilityGlobals) = postSolution
		SolutionGuid = {9E96A747-FBA1-48FC-B530-EFA45F6589E2}
	EndGlobalSection
EndGlobal
